PODS:
  - audio_decoder (0.0.1):
    - FlutterMacOS
  - FlutterMacOS (1.0.0)

DEPENDENCIES:
  - audio_decoder (from `Flutter/ephemeral/.symlinks/plugins/audio_decoder/macos`)
  - FlutterMacOS (from `Flutter/ephemeral`)

EXTERNAL SOURCES:
  audio_decoder:
    :path: Flutter/ephemeral/.symlinks/plugins/audio_decoder/macos
  FlutterMacOS:
    :path: Flutter/ephemeral

SPEC CHECKSUMS:
  audio_decoder: 9e92d27879afedb63877a48af31eaed2d9389b52
  FlutterMacOS: d0db08ddef1a9af05a5ec4b724367152bb0500b1

PODFILE CHECKSUM: 54d867c82ac51cbd61b565781b9fada492027009

COCOAPODS: 1.16.2
